
Microsoft Visual Studio Solution File, Format Version 12.00
# Visual Studio Version 17
VisualStudioVersion = 17.1.32210.238
MinimumVisualStudioVersion = 10.0.40219.1
Project("{9A19103F-16F7-4668-BE54-9A1E7A4F7556}") = "EmployeeManager", "EmployeeManager\EmployeeManager.csproj", "{DEA205FD-98CF-4E9F-856D-86811613ECB9}"
EndProject
Global
	GlobalSection(SolutionConfigurationPlatforms) = preSolution
		Debug|Any CPU = Debug|Any CPU
		Release|Any CPU = Release|Any CPU
	EndGlobalSection
	GlobalSection(ProjectConfigurationPlatforms) = postSolution
		{DEA205FD-98CF-4E9F-856D-86811613ECB9}.Debug|Any CPU.ActiveCfg = Debug|Any CPU
		{DEA205FD-98CF-4E9F-856D-86811613ECB9}.Debug|Any CPU.Build.0 = Debug|Any CPU
		{DEA205FD-98CF-4E9F-856D-86811613ECB9}.Release|Any CPU.ActiveCfg = Release|Any CPU
		{DEA205FD-98CF-4E9F-856D-86811613ECB9}.Release|Any CPU.Build.0 = Release|Any CPU
	EndGlobalSection
	GlobalSection(SolutionProperties) = preSolution
		HideSolutionNode = FALSE
	EndGlobalSection
	GlobalSection(ExtensibilityGlobals) = postSolution
		SolutionGuid = {CE9BB6F4-ACAE-46EC-9BF6-D884D792D01C}
	EndGlobalSection
EndGlobal
